
Microsoft Visual Studio Solution File, Format Version 12.00
# Visual Studio Version 17
VisualStudioVersion = 17.6.33723.286
MinimumVisualStudioVersion = 10.0.40219.1
Project("{FAE04EC0-301F-11D3-BF4B-00C04F79EFBC}") = "FBD_Planner", "FBD_Planner\FBD_Planner.csproj", "{B76DE0C0-D3D9-40CD-B909-203419804044}"
EndProject
Global
	GlobalSection(SolutionConfigurationPlatforms) = preSolution
		Debug|Any CPU = Debug|Any CPU
		Release|Any CPU = Release|Any CPU
	EndGlobalSection
	GlobalSection(ProjectConfigurationPlatforms) = postSolution
		{B76DE0C0-D3D9-40CD-B909-203419804044}.Debug|Any CPU.ActiveCfg = Debug|Any CPU
		{B76DE0C0-D3D9-40CD-B909-203419804044}.Debug|Any CPU.Build.0 = Debug|Any CPU
		{B76DE0C0-D3D9-40CD-B909-203419804044}.Release|Any CPU.ActiveCfg = Release|Any CPU
		{B76DE0C0-D3D9-40CD-B909-203419804044}.Release|Any CPU.Build.0 = Release|Any CPU
	EndGlobalSection
	GlobalSection(SolutionProperties) = preSolution
		HideSolutionNode = FALSE
	EndGlobalSection
	GlobalSection(ExtensibilityGlobals) = postSolution
		SolutionGuid = {B0D05344-4B23-4C4B-BF4C-BDCBC39CA4FA}
	EndGlobalSection
EndGlobal
